
Microsoft Visual Studio Solution File, Format Version 12.00
# Visual Studio Version 17
VisualStudioVersion = 17.3.32825.248
MinimumVisualStudioVersion = 10.0.40219.1
Project("{FAE04EC0-301F-11D3-BF4B-00C04F79EFBC}") = "MTNandiniPatel", "MTNandiniPatel.csproj", "{85814CF0-174C-4A84-BA37-D228292F8E55}"
EndProject
Global
	GlobalSection(SolutionConfigurationPlatforms) = preSolution
		Debug|Any CPU = Debug|Any CPU
		Release|Any CPU = Release|Any CPU
	EndGlobalSection
	GlobalSection(ProjectConfigurationPlatforms) = postSolution
		{85814CF0-174C-4A84-BA37-D228292F8E55}.Debug|Any CPU.ActiveCfg = Debug|Any CPU
		{85814CF0-174C-4A84-BA37-D228292F8E55}.Debug|Any CPU.Build.0 = Debug|Any CPU
		{85814CF0-174C-4A84-BA37-D228292F8E55}.Release|Any CPU.ActiveCfg = Release|Any CPU
		{85814CF0-174C-4A84-BA37-D228292F8E55}.Release|Any CPU.Build.0 = Release|Any CPU
	EndGlobalSection
	GlobalSection(SolutionProperties) = preSolution
		HideSolutionNode = FALSE
	EndGlobalSection
	GlobalSection(ExtensibilityGlobals) = postSolution
		SolutionGuid = {FF94C971-D646-4ADB-9644-C5BA20DE9217}
	EndGlobalSection
EndGlobal
